
Microsoft Visual Studio Solution File, Format Version 12.00
# 17
VisualStudioVersion = 17.0.31903.59
MinimumVisualStudioVersion = 10.0.40219.1
Project("{FAE04EC0-301F-11D3-BF4B-00C04F79EFBC}") = "Samples", "Samples\Samples.csproj", "{B30812C6-051D-4934-B8F6-5BEF4829B06E}"
EndProject
Global
	GlobalSection(SolutionConfigurationPlatforms) = preSolution
		Debug|Any CPU = Debug|Any CPU
		Release|Any CPU = Release|Any CPU
	EndGlobalSection
	GlobalSection(ProjectConfigurationPlatforms) = postSolution
		{B30812C6-051D-4934-B8F6-5BEF4829B06E}.Debug|Any CPU.ActiveCfg = Debug|Any CPU
		{B30812C6-051D-4934-B8F6-5BEF4829B06E}.Debug|Any CPU.Build.0 = Debug|Any CPU
		{B30812C6-051D-4934-B8F6-5BEF4829B06E}.Release|Any CPU.ActiveCfg = Release|Any CPU
		{B30812C6-051D-4934-B8F6-5BEF4829B06E}.Release|Any CPU.Build.0 = Release|Any CPU
	EndGlobalSection
	GlobalSection(SolutionProperties) = preSolution
		HideSolutionNode = FALSE
	EndGlobalSection
	GlobalSection(ExtensibilityGlobals) = postSolution
		SolutionGuid = {52C6F162-F59E-440A-B3BE-4C9C0F6BF31F}
	EndGlobalSection
EndGlobal
